// !$*UTF8*$!
{
	archiveVersion = 1;
	classes = {
	};
	objectVersion = 55;
	objects = {

/* Begin PBXBuildFile section */
		0B571A94281170B000874B51 /* maplibre_rs_framework.docc in Sources */ = {isa = PBXBuildFile; fileRef = 0B571A93281170B000874B51 /* maplibre_rs_framework.docc */; };
		0B571AA0281170B100874B51 /* maplibre_rs_framework.h in Headers */ = {isa = PBXBuildFile; fileRef = 0B571A92281170B000874B51 /* maplibre_rs_framework.h */; settings = {ATTRIBUTES = (Public, ); }; };
		0B571AD92811722500874B51 /* libmaplibre_apple.a in Frameworks */ = {isa = PBXBuildFile; fileRef = 0B571AD72811710C00874B51 /* libmaplibre_apple.a */; };
		0B571AE52811775600874B51 /* libmaplibre_apple.a in Resources */ = {isa = PBXBuildFile; fileRef = 0B571AD72811710C00874B51 /* libmaplibre_apple.a */; };
		0B571AE828118D8500874B51 /* maplibre_rs_framework.framework in Frameworks */ = {isa = PBXBuildFile; fileRef = 0B571A90281170B000874B51 /* maplibre_rs_framework.framework */; };
		0B571AE928118D8500874B51 /* maplibre_rs_framework.framework in Embed Frameworks */ = {isa = PBXBuildFile; fileRef = 0B571A90281170B000874B51 /* maplibre_rs_framework.framework */; settings = {ATTRIBUTES = (CodeSignOnCopy, RemoveHeadersOnCopy, ); }; };
		0B571AF0281191A500874B51 /* maplibre.h in Headers */ = {isa = PBXBuildFile; fileRef = 0B571AEF281191A500874B51 /* maplibre.h */; };
		0B571AF9281191E600874B51 /* framework2.h in Headers */ = {isa = PBXBuildFile; fileRef = 0B571AF8281191E600874B51 /* framework2.h */; settings = {ATTRIBUTES = (Public, ); }; };
		0B571AFE2811924300874B51 /* framework2.swift in Sources */ = {isa = PBXBuildFile; fileRef = 0B571AFD2811924300874B51 /* framework2.swift */; };
		0B571B042811929C00874B51 /* libmaplibre_apple.a in Frameworks */ = {isa = PBXBuildFile; fileRef = 0B571AD72811710C00874B51 /* libmaplibre_apple.a */; };
		0B571B05281193BD00874B51 /* framework2.framework in Frameworks */ = {isa = PBXBuildFile; fileRef = 0B571AF6281191E600874B51 /* framework2.framework */; };
		0B571B06281193BD00874B51 /* framework2.framework in Embed Frameworks */ = {isa = PBXBuildFile; fileRef = 0B571AF6281191E600874B51 /* framework2.framework */; settings = {ATTRIBUTES = (CodeSignOnCopy, RemoveHeadersOnCopy, ); }; };
		0BC8884D2770FD64004AAD56 /* app.swift in Sources */ = {isa = PBXBuildFile; fileRef = 0BC888252770FD63004AAD56 /* app.swift */; };
		0BC8884E2770FD64004AAD56 /* app.swift in Sources */ = {isa = PBXBuildFile; fileRef = 0BC888252770FD63004AAD56 /* app.swift */; };
		0BC888512770FD64004AAD56 /* Assets.xcassets in Resources */ = {isa = PBXBuildFile; fileRef = 0BC888272770FD64004AAD56 /* Assets.xcassets */; };
		0BC888522770FD64004AAD56 /* Assets.xcassets in Resources */ = {isa = PBXBuildFile; fileRef = 0BC888272770FD64004AAD56 /* Assets.xcassets */; };
/* End PBXBuildFile section */

/* Begin PBXContainerItemProxy section */
		0B571AEA28118D8500874B51 /* PBXContainerItemProxy */ = {
			isa = PBXContainerItemProxy;
			containerPortal = 0BC888202770FD63004AAD56 /* Project object */;
			proxyType = 1;
			remoteGlobalIDString = 0B571A8F281170B000874B51;
			remoteInfo = "maplibre-rs-framework";
		};
		0B571B07281193BD00874B51 /* PBXContainerItemProxy */ = {
			isa = PBXContainerItemProxy;
			containerPortal = 0BC888202770FD63004AAD56 /* Project object */;
			proxyType = 1;
			remoteGlobalIDString = 0B571AF5281191E600874B51;
			remoteInfo = framework2;
		};
/* End PBXContainerItemProxy section */

/* Begin PBXCopyFilesBuildPhase section */
		0B571AEC28118D8500874B51 /* Embed Frameworks */ = {
			isa = PBXCopyFilesBuildPhase;
			buildActionMask = 2147483647;
			dstPath = "";
			dstSubfolderSpec = 10;
			files = (
				0B571AE928118D8500874B51 /* maplibre_rs_framework.framework in Embed Frameworks */,
			);
			name = "Embed Frameworks";
			runOnlyForDeploymentPostprocessing = 0;
		};
		0B571B09281193BD00874B51 /* Embed Frameworks */ = {
			isa = PBXCopyFilesBuildPhase;
			buildActionMask = 2147483647;
			dstPath = "";
			dstSubfolderSpec = 10;
			files = (
				0B571B06281193BD00874B51 /* framework2.framework in Embed Frameworks */,
			);
			name = "Embed Frameworks";
			runOnlyForDeploymentPostprocessing = 0;
		};
/* End PBXCopyFilesBuildPhase section */

/* Begin PBXFileReference section */
		0B571A90281170B000874B51 /* maplibre_rs_framework.framework */ = {isa = PBXFileReference; explicitFileType = wrapper.framework; includeInIndex = 0; path = maplibre_rs_framework.framework; sourceTree = BUILT_PRODUCTS_DIR; };
		0B571A92281170B000874B51 /* maplibre_rs_framework.h */ = {isa = PBXFileReference; lastKnownFileType = sourcecode.c.h; path = maplibre_rs_framework.h; sourceTree = "<group>"; };
		0B571A93281170B000874B51 /* maplibre_rs_framework.docc */ = {isa = PBXFileReference; lastKnownFileType = folder.documentationcatalog; path = maplibre_rs_framework.docc; sourceTree = "<group>"; };
		0B571AD72811710C00874B51 /* libmaplibre_apple.a */ = {isa = PBXFileReference; lastKnownFileType = archive.ar; name = libmaplibre_apple.a; path = "../../target/aarch64-apple-darwin/debug/libmaplibre_apple.a"; sourceTree = "<group>"; };
		0B571AE3281175BE00874B51 /* AppKit.framework */ = {isa = PBXFileReference; lastKnownFileType = wrapper.framework; name = AppKit.framework; path = System/Library/Frameworks/AppKit.framework; sourceTree = SDKROOT; };
		0B571AEF281191A500874B51 /* maplibre.h */ = {isa = PBXFileReference; fileEncoding = 4; lastKnownFileType = sourcecode.c.h; path = maplibre.h; sourceTree = "<group>"; };
		0B571AF6281191E600874B51 /* framework2.framework */ = {isa = PBXFileReference; explicitFileType = wrapper.framework; includeInIndex = 0; path = framework2.framework; sourceTree = BUILT_PRODUCTS_DIR; };
		0B571AF8281191E600874B51 /* framework2.h */ = {isa = PBXFileReference; lastKnownFileType = sourcecode.c.h; path = framework2.h; sourceTree = "<group>"; };
		0B571AFD2811924300874B51 /* framework2.swift */ = {isa = PBXFileReference; lastKnownFileType = sourcecode.swift; path = framework2.swift; sourceTree = "<group>"; };
		0BC888252770FD63004AAD56 /* app.swift */ = {isa = PBXFileReference; lastKnownFileType = sourcecode.swift; path = app.swift; sourceTree = "<group>"; };
		0BC888272770FD64004AAD56 /* Assets.xcassets */ = {isa = PBXFileReference; lastKnownFileType = folder.assetcatalog; path = Assets.xcassets; sourceTree = "<group>"; };
		0BC8882C2770FD64004AAD56 /* maplibre-rs-example.app */ = {isa = PBXFileReference; explicitFileType = wrapper.application; includeInIndex = 0; path = "maplibre-rs-example.app"; sourceTree = BUILT_PRODUCTS_DIR; };
		0BC888322770FD64004AAD56 /* maplibre-rs-example.app */ = {isa = PBXFileReference; explicitFileType = wrapper.application; includeInIndex = 0; path = "maplibre-rs-example.app"; sourceTree = BUILT_PRODUCTS_DIR; };
		0BC888342770FD64004AAD56 /* macOS.entitlements */ = {isa = PBXFileReference; lastKnownFileType = text.plist.entitlements; path = macOS.entitlements; sourceTree = "<group>"; };
		0BC888612770FDCC004AAD56 /* maplibre.h */ = {isa = PBXFileReference; lastKnownFileType = sourcecode.c.h; path = maplibre.h; sourceTree = "<group>"; };
/* End PBXFileReference section */

/* Begin PBXFrameworksBuildPhase section */
		0B571A8D281170B000874B51 /* Frameworks */ = {
			isa = PBXFrameworksBuildPhase;
			buildActionMask = 2147483647;
			files = (
				0B571AD92811722500874B51 /* libmaplibre_apple.a in Frameworks */,
			);
			runOnlyForDeploymentPostprocessing = 0;
		};
		0B571AF3281191E600874B51 /* Frameworks */ = {
			isa = PBXFrameworksBuildPhase;
			buildActionMask = 2147483647;
			files = (
				0B571B042811929C00874B51 /* libmaplibre_apple.a in Frameworks */,
			);
			runOnlyForDeploymentPostprocessing = 0;
		};
		0BC888292770FD64004AAD56 /* Frameworks */ = {
			isa = PBXFrameworksBuildPhase;
			buildActionMask = 2147483647;
			files = (
				0B571AE828118D8500874B51 /* maplibre_rs_framework.framework in Frameworks */,
			);
			runOnlyForDeploymentPostprocessing = 0;
		};
		0BC8882F2770FD64004AAD56 /* Frameworks */ = {
			isa = PBXFrameworksBuildPhase;
			buildActionMask = 2147483647;
			files = (
				0B571B05281193BD00874B51 /* framework2.framework in Frameworks */,
			);
			runOnlyForDeploymentPostprocessing = 0;
		};
/* End PBXFrameworksBuildPhase section */

/* Begin PBXGroup section */
		0B571A91281170B000874B51 /* maplibre-rs-framework */ = {
			isa = PBXGroup;
			children = (
				0B571AEF281191A500874B51 /* maplibre.h */,
				0B571A92281170B000874B51 /* maplibre_rs_framework.h */,
				0B571A93281170B000874B51 /* maplibre_rs_framework.docc */,
			);
			path = "maplibre-rs-framework";
			sourceTree = "<group>";
		};
		0B571AD62811710B00874B51 /* Frameworks */ = {
			isa = PBXGroup;
			children = (
				0B571AE3281175BE00874B51 /* AppKit.framework */,
				0B571AD72811710C00874B51 /* libmaplibre_apple.a */,
			);
			name = Frameworks;
			sourceTree = "<group>";
		};
		0B571AF7281191E600874B51 /* framework2 */ = {
			isa = PBXGroup;
			children = (
				0B571AF8281191E600874B51 /* framework2.h */,
				0B571AFD2811924300874B51 /* framework2.swift */,
			);
			path = framework2;
			sourceTree = "<group>";
		};
		0BC8881F2770FD63004AAD56 = {
			isa = PBXGroup;
			children = (
				0BC888242770FD63004AAD56 /* Shared */,
				0BC888332770FD64004AAD56 /* macOS */,
				0B571A91281170B000874B51 /* maplibre-rs-framework */,
				0B571AF7281191E600874B51 /* framework2 */,
				0BC8882D2770FD64004AAD56 /* Products */,
				0B571AD62811710B00874B51 /* Frameworks */,
			);
			sourceTree = "<group>";
		};
		0BC888242770FD63004AAD56 /* Shared */ = {
			isa = PBXGroup;
			children = (
				0BC888252770FD63004AAD56 /* app.swift */,
				0BC888272770FD64004AAD56 /* Assets.xcassets */,
				0BC888612770FDCC004AAD56 /* maplibre.h */,
			);
			path = Shared;
			sourceTree = "<group>";
		};
		0BC8882D2770FD64004AAD56 /* Products */ = {
			isa = PBXGroup;
			children = (
				0BC8882C2770FD64004AAD56 /* maplibre-rs-example.app */,
				0BC888322770FD64004AAD56 /* maplibre-rs-example.app */,
				0B571A90281170B000874B51 /* maplibre_rs_framework.framework */,
				0B571AF6281191E600874B51 /* framework2.framework */,
			);
			name = Products;
			sourceTree = "<group>";
		};
		0BC888332770FD64004AAD56 /* macOS */ = {
			isa = PBXGroup;
			children = (
				0BC888342770FD64004AAD56 /* macOS.entitlements */,
			);
			path = macOS;
			sourceTree = "<group>";
		};
/* End PBXGroup section */

/* Begin PBXHeadersBuildPhase section */
		0B571A8B281170B000874B51 /* Headers */ = {
			isa = PBXHeadersBuildPhase;
			buildActionMask = 2147483647;
			files = (
				0B571AF0281191A500874B51 /* maplibre.h in Headers */,
				0B571AA0281170B100874B51 /* maplibre_rs_framework.h in Headers */,
			);
			runOnlyForDeploymentPostprocessing = 0;
		};
		0B571AF1281191E600874B51 /* Headers */ = {
			isa = PBXHeadersBuildPhase;
			buildActionMask = 2147483647;
			files = (
				0B571AF9281191E600874B51 /* framework2.h in Headers */,
			);
			runOnlyForDeploymentPostprocessing = 0;
		};
/* End PBXHeadersBuildPhase section */

/* Begin PBXNativeTarget section */
		0B571A8F281170B000874B51 /* maplibre-rs-framework */ = {
			isa = PBXNativeTarget;
			buildConfigurationList = 0B571AA1281170B100874B51 /* Build configuration list for PBXNativeTarget "maplibre-rs-framework" */;
			buildPhases = (
				0B571A8B281170B000874B51 /* Headers */,
				0B571A8C281170B000874B51 /* Sources */,
				0B571A8D281170B000874B51 /* Frameworks */,
				0B571A8E281170B000874B51 /* Resources */,
			);
			buildRules = (
			);
			dependencies = (
			);
			name = "maplibre-rs-framework";
			productName = "maplibre-rs-framework";
			productReference = 0B571A90281170B000874B51 /* maplibre_rs_framework.framework */;
			productType = "com.apple.product-type.framework";
		};
		0B571AF5281191E600874B51 /* framework2 */ = {
			isa = PBXNativeTarget;
			buildConfigurationList = 0B571AFA281191E600874B51 /* Build configuration list for PBXNativeTarget "framework2" */;
			buildPhases = (
				0B571AF1281191E600874B51 /* Headers */,
				0B571AF2281191E600874B51 /* Sources */,
				0B571AF3281191E600874B51 /* Frameworks */,
				0B571AF4281191E600874B51 /* Resources */,
			);
			buildRules = (
			);
			dependencies = (
			);
			name = framework2;
			productName = framework2;
			productReference = 0B571AF6281191E600874B51 /* framework2.framework */;
			productType = "com.apple.product-type.framework";
		};
		0BC8882B2770FD64004AAD56 /* maplibre-rs-example (iOS) */ = {
			isa = PBXNativeTarget;
			buildConfigurationList = 0BC888552770FD64004AAD56 /* Build configuration list for PBXNativeTarget "maplibre-rs-example (iOS)" */;
			buildPhases = (
				0BC888A4277103A3004AAD56 /* Cargo Build */,
				0BC888282770FD64004AAD56 /* Sources */,
				0BC888292770FD64004AAD56 /* Frameworks */,
				0BC8882A2770FD64004AAD56 /* Resources */,
				0B571AEC28118D8500874B51 /* Embed Frameworks */,
			);
			buildRules = (
			);
			dependencies = (
				0B571AEB28118D8500874B51 /* PBXTargetDependency */,
			);
			name = "maplibre-rs-example (iOS)";
			productName = "maplibre (iOS)";
			productReference = 0BC8882C2770FD64004AAD56 /* maplibre-rs-example.app */;
			productType = "com.apple.product-type.application";
		};
		0BC888312770FD64004AAD56 /* maplibre-rs-example (macOS) */ = {
			isa = PBXNativeTarget;
			buildConfigurationList = 0BC888582770FD64004AAD56 /* Build configuration list for PBXNativeTarget "maplibre-rs-example (macOS)" */;
			buildPhases = (
				0BC888A52771056B004AAD56 /* Cargo Build */,
				0BC8882E2770FD64004AAD56 /* Sources */,
				0BC8882F2770FD64004AAD56 /* Frameworks */,
				0BC888302770FD64004AAD56 /* Resources */,
				0B571B09281193BD00874B51 /* Embed Frameworks */,
			);
			buildRules = (
			);
			dependencies = (
				0B571B08281193BD00874B51 /* PBXTargetDependency */,
			);
			name = "maplibre-rs-example (macOS)";
			productName = "maplibre (macOS)";
			productReference = 0BC888322770FD64004AAD56 /* maplibre-rs-example.app */;
			productType = "com.apple.product-type.application";
		};
/* End PBXNativeTarget section */

/* Begin PBXProject section */
		0BC888202770FD63004AAD56 /* Project object */ = {
			isa = PBXProject;
			attributes = {
				BuildIndependentTargetsInParallel = 1;
				LastSwiftUpdateCheck = 1300;
				LastUpgradeCheck = 1300;
				TargetAttributes = {
					0B571A8F281170B000874B51 = {
						CreatedOnToolsVersion = 13.0;
					};
					0B571AF5281191E600874B51 = {
						CreatedOnToolsVersion = 13.0;
						LastSwiftMigration = 1300;
					};
					0BC8882B2770FD64004AAD56 = {
						CreatedOnToolsVersion = 13.0;
					};
					0BC888312770FD64004AAD56 = {
						CreatedOnToolsVersion = 13.0;
					};
				};
			};
			buildConfigurationList = 0BC888232770FD63004AAD56 /* Build configuration list for PBXProject "maplibre-rs-example" */;
			compatibilityVersion = "Xcode 13.0";
			developmentRegion = en;
			hasScannedForEncodings = 0;
			knownRegions = (
				en,
				Base,
			);
			mainGroup = 0BC8881F2770FD63004AAD56;
			productRefGroup = 0BC8882D2770FD64004AAD56 /* Products */;
			projectDirPath = "";
			projectRoot = "";
			targets = (
				0BC8882B2770FD64004AAD56 /* maplibre-rs-example (iOS) */,
				0BC888312770FD64004AAD56 /* maplibre-rs-example (macOS) */,
				0B571A8F281170B000874B51 /* maplibre-rs-framework */,
				0B571AF5281191E600874B51 /* framework2 */,
			);
		};
/* End PBXProject section */

/* Begin PBXResourcesBuildPhase section */
		0B571A8E281170B000874B51 /* Resources */ = {
			isa = PBXResourcesBuildPhase;
			buildActionMask = 2147483647;
			files = (
				0B571AE52811775600874B51 /* libmaplibre_apple.a in Resources */,
			);
			runOnlyForDeploymentPostprocessing = 0;
		};
		0B571AF4281191E600874B51 /* Resources */ = {
			isa = PBXResourcesBuildPhase;
			buildActionMask = 2147483647;
			files = (
			);
			runOnlyForDeploymentPostprocessing = 0;
		};
		0BC8882A2770FD64004AAD56 /* Resources */ = {
			isa = PBXResourcesBuildPhase;
			buildActionMask = 2147483647;
			files = (
				0BC888512770FD64004AAD56 /* Assets.xcassets in Resources */,
			);
			runOnlyForDeploymentPostprocessing = 0;
		};
		0BC888302770FD64004AAD56 /* Resources */ = {
			isa = PBXResourcesBuildPhase;
			buildActionMask = 2147483647;
			files = (
				0BC888522770FD64004AAD56 /* Assets.xcassets in Resources */,
			);
			runOnlyForDeploymentPostprocessing = 0;
		};
/* End PBXResourcesBuildPhase section */

/* Begin PBXShellScriptBuildPhase section */
		0BC888A4277103A3004AAD56 /* Cargo Build */ = {
			isa = PBXShellScriptBuildPhase;
			buildActionMask = 2147483647;
			files = (
			);
			inputFileListPaths = (
			);
			inputPaths = (
			);
			name = "Cargo Build";
			outputFileListPaths = (
			);
			outputPaths = (
			);
			runOnlyForDeploymentPostprocessing = 0;
			shellPath = /bin/bash;
			shellScript = ". \"$HOME/.cargo/env\"\n\nif [[ $SDK_NAME == *\"simulator\"* ]]\nthen\necho \"Building for Simulator\"\nenv -i zsh -c 'cargo build -p maplibre-apple --target aarch64-apple-ios-sim --lib'\nelse\necho \"Building for Device\"\nenv -i zsh -c 'cargo build -p maplibre-apple --target aarch64-apple-ios --lib'\nfi\n";
		};
		0BC888A52771056B004AAD56 /* Cargo Build */ = {
			isa = PBXShellScriptBuildPhase;
			buildActionMask = 2147483647;
			files = (
			);
			inputFileListPaths = (
			);
			inputPaths = (
			);
			name = "Cargo Build";
			outputFileListPaths = (
			);
			outputPaths = (
			);
			runOnlyForDeploymentPostprocessing = 0;
			shellPath = /bin/bash;
			shellScript = ". \"$HOME/.cargo/env\"\n\necho \"Building for Darwin\"\nenv -i zsh -c 'cargo build -p maplibre-apple --target aarch64-apple-darwin --lib'\n\n";
		};
/* End PBXShellScriptBuildPhase section */

/* Begin PBXSourcesBuildPhase section */
		0B571A8C281170B000874B51 /* Sources */ = {
			isa = PBXSourcesBuildPhase;
			buildActionMask = 2147483647;
			files = (
				0B571A94281170B000874B51 /* maplibre_rs_framework.docc in Sources */,
			);
			runOnlyForDeploymentPostprocessing = 0;
		};
		0B571AF2281191E600874B51 /* Sources */ = {
			isa = PBXSourcesBuildPhase;
			buildActionMask = 2147483647;
			files = (
				0B571AFE2811924300874B51 /* framework2.swift in Sources */,
			);
			runOnlyForDeploymentPostprocessing = 0;
		};
		0BC888282770FD64004AAD56 /* Sources */ = {
			isa = PBXSourcesBuildPhase;
			buildActionMask = 2147483647;
			files = (
				0BC8884D2770FD64004AAD56 /* app.swift in Sources */,
			);
			runOnlyForDeploymentPostprocessing = 0;
		};
		0BC8882E2770FD64004AAD56 /* Sources */ = {
			isa = PBXSourcesBuildPhase;
			buildActionMask = 2147483647;
			files = (
				0BC8884E2770FD64004AAD56 /* app.swift in Sources */,
			);
			runOnlyForDeploymentPostprocessing = 0;
		};
/* End PBXSourcesBuildPhase section */

/* Begin PBXTargetDependency section */
		0B571AEB28118D8500874B51 /* PBXTargetDependency */ = {
			isa = PBXTargetDependency;
			target = 0B571A8F281170B000874B51 /* maplibre-rs-framework */;
			targetProxy = 0B571AEA28118D8500874B51 /* PBXContainerItemProxy */;
		};
		0B571B08281193BD00874B51 /* PBXTargetDependency */ = {
			isa = PBXTargetDependency;
			target = 0B571AF5281191E600874B51 /* framework2 */;
			targetProxy = 0B571B07281193BD00874B51 /* PBXContainerItemProxy */;
		};
/* End PBXTargetDependency section */

/* Begin XCBuildConfiguration section */
		0B571AA2281170B100874B51 /* Debug */ = {
			isa = XCBuildConfiguration;
			buildSettings = {
				BUILD_LIBRARY_FOR_DISTRIBUTION = YES;
				CODE_SIGN_STYLE = Automatic;
				COMBINE_HIDPI_IMAGES = YES;
				CURRENT_PROJECT_VERSION = 1;
				DEFINES_MODULE = YES;
				DEVELOPMENT_TEAM = KM8X78T35K;
				DYLIB_COMPATIBILITY_VERSION = 1;
				DYLIB_CURRENT_VERSION = 1;
				DYLIB_INSTALL_NAME_BASE = "@rpath";
				EXCLUDED_ARCHS = x86_64;
				GENERATE_INFOPLIST_FILE = YES;
				INFOPLIST_KEY_NSHumanReadableCopyright = "";
				INSTALL_PATH = "$(LOCAL_LIBRARY_DIR)/Frameworks";
				LD_RUNPATH_SEARCH_PATHS = (
					"$(inherited)",
					"@executable_path/../Frameworks",
					"@loader_path/Frameworks",
				);
				MACH_O_TYPE = mh_dylib;
				MACOSX_DEPLOYMENT_TARGET = 11.0;
				MARKETING_VERSION = 1.0;
				PRODUCT_BUNDLE_IDENTIFIER = "org.maplibre.framework.maplibre-rs-framework";
				PRODUCT_NAME = "$(TARGET_NAME:c99extidentifier)";
				SDKROOT = macosx;
				SKIP_INSTALL = NO;
				SWIFT_EMIT_LOC_STRINGS = YES;
				SWIFT_VERSION = 5.0;
				VERSIONING_SYSTEM = "apple-generic";
				VERSION_INFO_PREFIX = "";
			};
			name = Debug;
		};
		0B571AA3281170B100874B51 /* Release */ = {
			isa = XCBuildConfiguration;
			buildSettings = {
				BUILD_LIBRARY_FOR_DISTRIBUTION = YES;
				CODE_SIGN_STYLE = Automatic;
				COMBINE_HIDPI_IMAGES = YES;
				CURRENT_PROJECT_VERSION = 1;
				DEFINES_MODULE = YES;
				DEVELOPMENT_TEAM = KM8X78T35K;
				DYLIB_COMPATIBILITY_VERSION = 1;
				DYLIB_CURRENT_VERSION = 1;
				DYLIB_INSTALL_NAME_BASE = "@rpath";
				EXCLUDED_ARCHS = x86_64;
				GENERATE_INFOPLIST_FILE = YES;
				INFOPLIST_KEY_NSHumanReadableCopyright = "";
				INSTALL_PATH = "$(LOCAL_LIBRARY_DIR)/Frameworks";
				LD_RUNPATH_SEARCH_PATHS = (
					"$(inherited)",
					"@executable_path/../Frameworks",
					"@loader_path/Frameworks",
				);
				"LIBRARY_SEARCH_PATHS[arch=*]" = "$(PROJECT_DIR)/../../target/aarch64-apple-darwin/debug";
				MACH_O_TYPE = mh_dylib;
				MACOSX_DEPLOYMENT_TARGET = 11.0;
				MARKETING_VERSION = 1.0;
				PRODUCT_BUNDLE_IDENTIFIER = "org.maplibre.framework.maplibre-rs-framework";
				PRODUCT_NAME = "$(TARGET_NAME:c99extidentifier)";
				SDKROOT = macosx;
				SKIP_INSTALL = NO;
				SWIFT_EMIT_LOC_STRINGS = YES;
				SWIFT_VERSION = 5.0;
				VERSIONING_SYSTEM = "apple-generic";
				VERSION_INFO_PREFIX = "";
			};
			name = Release;
		};
		0B571AFB281191E600874B51 /* Debug */ = {
			isa = XCBuildConfiguration;
			buildSettings = {
				BUILD_LIBRARY_FOR_DISTRIBUTION = YES;
				CLANG_ENABLE_MODULES = YES;
				CODE_SIGN_STYLE = Automatic;
				COMBINE_HIDPI_IMAGES = YES;
				CURRENT_PROJECT_VERSION = 1;
				DEFINES_MODULE = YES;
				DEVELOPMENT_TEAM = KM8X78T35K;
				DYLIB_COMPATIBILITY_VERSION = 1;
				DYLIB_CURRENT_VERSION = 1;
				DYLIB_INSTALL_NAME_BASE = "@rpath";
				EXCLUDED_ARCHS = x86_64;
				GENERATE_INFOPLIST_FILE = YES;
				INFOPLIST_KEY_NSHumanReadableCopyright = "";
				INSTALL_PATH = "$(LOCAL_LIBRARY_DIR)/Frameworks";
				LD_RUNPATH_SEARCH_PATHS = (
					"$(inherited)",
					"@executable_path/../Frameworks",
					"@loader_path/Frameworks",
				);
				MACH_O_TYPE = staticlib;
				MACOSX_DEPLOYMENT_TARGET = 11.0;
				MARKETING_VERSION = 1.0;
				PRODUCT_BUNDLE_IDENTIFIER = org.maplibre.framework.framework2;
				PRODUCT_NAME = "$(TARGET_NAME:c99extidentifier)";
				SDKROOT = macosx;
				SKIP_INSTALL = NO;
				SWIFT_EMIT_LOC_STRINGS = YES;
				SWIFT_OBJC_BRIDGING_HEADER = "";
				SWIFT_OPTIMIZATION_LEVEL = "-Onone";
				SWIFT_VERSION = 5.0;
				VERSIONING_SYSTEM = "apple-generic";
				VERSION_INFO_PREFIX = "";
			};
			name = Debug;
		};
		0B571AFC281191E600874B51 /* Release */ = {
			isa = XCBuildConfiguration;
			buildSettings = {
				BUILD_LIBRARY_FOR_DISTRIBUTION = YES;
				CLANG_ENABLE_MODULES = YES;
				CODE_SIGN_STYLE = Automatic;
				COMBINE_HIDPI_IMAGES = YES;
				CURRENT_PROJECT_VERSION = 1;
				DEFINES_MODULE = YES;
				DEVELOPMENT_TEAM = KM8X78T35K;
				DYLIB_COMPATIBILITY_VERSION = 1;
				DYLIB_CURRENT_VERSION = 1;
				DYLIB_INSTALL_NAME_BASE = "@rpath";
				EXCLUDED_ARCHS = x86_64;
				GENERATE_INFOPLIST_FILE = YES;
				INFOPLIST_KEY_NSHumanReadableCopyright = "";
				INSTALL_PATH = "$(LOCAL_LIBRARY_DIR)/Frameworks";
				LD_RUNPATH_SEARCH_PATHS = (
					"$(inherited)",
					"@executable_path/../Frameworks",
					"@loader_path/Frameworks",
				);
				"LIBRARY_SEARCH_PATHS[arch=*]" = "$(PROJECT_DIR)/../../target/aarch64-apple-darwin/release";
				MACH_O_TYPE = staticlib;
				MACOSX_DEPLOYMENT_TARGET = 11.0;
				MARKETING_VERSION = 1.0;
				PRODUCT_BUNDLE_IDENTIFIER = org.maplibre.framework.framework2;
				PRODUCT_NAME = "$(TARGET_NAME:c99extidentifier)";
				SDKROOT = macosx;
				SKIP_INSTALL = NO;
				SWIFT_EMIT_LOC_STRINGS = YES;
				SWIFT_OBJC_BRIDGING_HEADER = "";
				SWIFT_VERSION = 5.0;
				VERSIONING_SYSTEM = "apple-generic";
				VERSION_INFO_PREFIX = "";
			};
			name = Release;
		};
		0BC888532770FD64004AAD56 /* Debug */ = {
			isa = XCBuildConfiguration;
			buildSettings = {
				ALWAYS_SEARCH_USER_PATHS = NO;
				CLANG_ANALYZER_NONNULL = YES;
				CLANG_ANALYZER_NUMBER_OBJECT_CONVERSION = YES_AGGRESSIVE;
				CLANG_CXX_LANGUAGE_STANDARD = "gnu++17";
				CLANG_CXX_LIBRARY = "libc++";
				CLANG_ENABLE_MODULES = YES;
				CLANG_ENABLE_OBJC_ARC = YES;
				CLANG_ENABLE_OBJC_WEAK = YES;
				CLANG_WARN_BLOCK_CAPTURE_AUTORELEASING = YES;
				CLANG_WARN_BOOL_CONVERSION = YES;
				CLANG_WARN_COMMA = YES;
				CLANG_WARN_CONSTANT_CONVERSION = YES;
				CLANG_WARN_DEPRECATED_OBJC_IMPLEMENTATIONS = YES;
				CLANG_WARN_DIRECT_OBJC_ISA_USAGE = YES_ERROR;
				CLANG_WARN_DOCUMENTATION_COMMENTS = YES;
				CLANG_WARN_EMPTY_BODY = YES;
				CLANG_WARN_ENUM_CONVERSION = YES;
				CLANG_WARN_INFINITE_RECURSION = YES;
				CLANG_WARN_INT_CONVERSION = YES;
				CLANG_WARN_NON_LITERAL_NULL_CONVERSION = YES;
				CLANG_WARN_OBJC_IMPLICIT_RETAIN_SELF = YES;
				CLANG_WARN_OBJC_LITERAL_CONVERSION = YES;
				CLANG_WARN_OBJC_ROOT_CLASS = YES_ERROR;
				CLANG_WARN_QUOTED_INCLUDE_IN_FRAMEWORK_HEADER = YES;
				CLANG_WARN_RANGE_LOOP_ANALYSIS = YES;
				CLANG_WARN_STRICT_PROTOTYPES = YES;
				CLANG_WARN_SUSPICIOUS_MOVE = YES;
				CLANG_WARN_UNGUARDED_AVAILABILITY = YES_AGGRESSIVE;
				CLANG_WARN_UNREACHABLE_CODE = YES;
				CLANG_WARN__DUPLICATE_METHOD_MATCH = YES;
				COPY_PHASE_STRIP = NO;
				DEBUG_INFORMATION_FORMAT = dwarf;
				ENABLE_STRICT_OBJC_MSGSEND = YES;
				ENABLE_TESTABILITY = YES;
				GCC_C_LANGUAGE_STANDARD = gnu11;
				GCC_DYNAMIC_NO_PIC = NO;
				GCC_NO_COMMON_BLOCKS = YES;
				GCC_OPTIMIZATION_LEVEL = 0;
				GCC_PREPROCESSOR_DEFINITIONS = (
					"DEBUG=1",
					"$(inherited)",
				);
				GCC_WARN_64_TO_32_BIT_CONVERSION = YES;
				GCC_WARN_ABOUT_RETURN_TYPE = YES_ERROR;
				GCC_WARN_UNDECLARED_SELECTOR = YES;
				GCC_WARN_UNINITIALIZED_AUTOS = YES_AGGRESSIVE;
				GCC_WARN_UNUSED_FUNCTION = YES;
				GCC_WARN_UNUSED_VARIABLE = YES;
				"LIBRARY_SEARCH_PATHS[sdk=iphoneos*][arch=arm64]" = "$(PROJECT_DIR)/../../target/aarch64-apple-ios/debug";
				"LIBRARY_SEARCH_PATHS[sdk=iphonesimulator*][arch=arm64]" = "$(PROJECT_DIR)/../../target/aarch64-apple-ios-sim/debug";
				"LIBRARY_SEARCH_PATHS[sdk=macosx*][arch=arm64]" = "$(PROJECT_DIR)/../../target/aarch64-apple-darwin/debug";
				MACOSX_DEPLOYMENT_TARGET = 11.0;
				MTL_ENABLE_DEBUG_INFO = INCLUDE_SOURCE;
				MTL_FAST_MATH = YES;
				ONLY_ACTIVE_ARCH = YES;
				OTHER_LDFLAGS = "";
				SWIFT_ACTIVE_COMPILATION_CONDITIONS = DEBUG;
				SWIFT_OBJC_BRIDGING_HEADER = "$(PROJECT_DIR)/Shared/maplibre.h";
				SWIFT_OPTIMIZATION_LEVEL = "-Onone";
			};
			name = Debug;
		};
		0BC888542770FD64004AAD56 /* Release */ = {
			isa = XCBuildConfiguration;
			buildSettings = {
				ALWAYS_SEARCH_USER_PATHS = NO;
				CLANG_ANALYZER_NONNULL = YES;
				CLANG_ANALYZER_NUMBER_OBJECT_CONVERSION = YES_AGGRESSIVE;
				CLANG_CXX_LANGUAGE_STANDARD = "gnu++17";
				CLANG_CXX_LIBRARY = "libc++";
				CLANG_ENABLE_MODULES = YES;
				CLANG_ENABLE_OBJC_ARC = YES;
				CLANG_ENABLE_OBJC_WEAK = YES;
				CLANG_WARN_BLOCK_CAPTURE_AUTORELEASING = YES;
				CLANG_WARN_BOOL_CONVERSION = YES;
				CLANG_WARN_COMMA = YES;
				CLANG_WARN_CONSTANT_CONVERSION = YES;
				CLANG_WARN_DEPRECATED_OBJC_IMPLEMENTATIONS = YES;
				CLANG_WARN_DIRECT_OBJC_ISA_USAGE = YES_ERROR;
				CLANG_WARN_DOCUMENTATION_COMMENTS = YES;
				CLANG_WARN_EMPTY_BODY = YES;
				CLANG_WARN_ENUM_CONVERSION = YES;
				CLANG_WARN_INFINITE_RECURSION = YES;
				CLANG_WARN_INT_CONVERSION = YES;
				CLANG_WARN_NON_LITERAL_NULL_CONVERSION = YES;
				CLANG_WARN_OBJC_IMPLICIT_RETAIN_SELF = YES;
				CLANG_WARN_OBJC_LITERAL_CONVERSION = YES;
				CLANG_WARN_OBJC_ROOT_CLASS = YES_ERROR;
				CLANG_WARN_QUOTED_INCLUDE_IN_FRAMEWORK_HEADER = YES;
				CLANG_WARN_RANGE_LOOP_ANALYSIS = YES;
				CLANG_WARN_STRICT_PROTOTYPES = YES;
				CLANG_WARN_SUSPICIOUS_MOVE = YES;
				CLANG_WARN_UNGUARDED_AVAILABILITY = YES_AGGRESSIVE;
				CLANG_WARN_UNREACHABLE_CODE = YES;
				CLANG_WARN__DUPLICATE_METHOD_MATCH = YES;
				COPY_PHASE_STRIP = NO;
				DEBUG_INFORMATION_FORMAT = "dwarf-with-dsym";
				ENABLE_NS_ASSERTIONS = NO;
				ENABLE_STRICT_OBJC_MSGSEND = YES;
				GCC_C_LANGUAGE_STANDARD = gnu11;
				GCC_NO_COMMON_BLOCKS = YES;
				GCC_WARN_64_TO_32_BIT_CONVERSION = YES;
				GCC_WARN_ABOUT_RETURN_TYPE = YES_ERROR;
				GCC_WARN_UNDECLARED_SELECTOR = YES;
				GCC_WARN_UNINITIALIZED_AUTOS = YES_AGGRESSIVE;
				GCC_WARN_UNUSED_FUNCTION = YES;
				GCC_WARN_UNUSED_VARIABLE = YES;
				MACOSX_DEPLOYMENT_TARGET = 11.0;
				MTL_ENABLE_DEBUG_INFO = NO;
				MTL_FAST_MATH = YES;
				OTHER_LDFLAGS = "";
				SWIFT_COMPILATION_MODE = wholemodule;
				SWIFT_OBJC_BRIDGING_HEADER = "$(PROJECT_DIR)/Shared/maplibre.h";
				SWIFT_OPTIMIZATION_LEVEL = "-O";
			};
			name = Release;
		};
		0BC888562770FD64004AAD56 /* Debug */ = {
			isa = XCBuildConfiguration;
			buildSettings = {
				ASSETCATALOG_COMPILER_APPICON_NAME = AppIcon;
				ASSETCATALOG_COMPILER_GLOBAL_ACCENT_COLOR_NAME = AccentColor;
				CODE_SIGN_IDENTITY = "Apple Development";
				CODE_SIGN_STYLE = Automatic;
				CURRENT_PROJECT_VERSION = 1;
				DEVELOPMENT_TEAM = KM8X78T35K;
				ENABLE_PREVIEWS = YES;
				GENERATE_INFOPLIST_FILE = YES;
				INFOPLIST_KEY_UIApplicationSupportsIndirectInputEvents = YES;
				INFOPLIST_KEY_UILaunchScreen_Generation = YES;
				INFOPLIST_KEY_UISupportedInterfaceOrientations_iPad = "UIInterfaceOrientationPortrait UIInterfaceOrientationPortraitUpsideDown UIInterfaceOrientationLandscapeLeft UIInterfaceOrientationLandscapeRight";
				INFOPLIST_KEY_UISupportedInterfaceOrientations_iPhone = "UIInterfaceOrientationPortrait UIInterfaceOrientationLandscapeLeft UIInterfaceOrientationLandscapeRight";
				IPHONEOS_DEPLOYMENT_TARGET = 14.0;
				LD_RUNPATH_SEARCH_PATHS = (
					"$(inherited)",
					"@executable_path/Frameworks",
				);
				MARKETING_VERSION = 1.0;
				PRODUCT_BUNDLE_IDENTIFIER = org.maplibre.example;
				PRODUCT_NAME = "maplibre-rs-example";
				PROVISIONING_PROFILE_SPECIFIER = "";
				SDKROOT = iphoneos;
				SWIFT_EMIT_LOC_STRINGS = YES;
				SWIFT_VERSION = 5.0;
				TARGETED_DEVICE_FAMILY = "1,2";
			};
			name = Debug;
		};
		0BC888572770FD64004AAD56 /* Release */ = {
			isa = XCBuildConfiguration;
			buildSettings = {
				ASSETCATALOG_COMPILER_APPICON_NAME = AppIcon;
				ASSETCATALOG_COMPILER_GLOBAL_ACCENT_COLOR_NAME = AccentColor;
				CODE_SIGN_IDENTITY = "Apple Development";
				CODE_SIGN_STYLE = Automatic;
				CURRENT_PROJECT_VERSION = 1;
				DEVELOPMENT_TEAM = KM8X78T35K;
				ENABLE_PREVIEWS = YES;
				GENERATE_INFOPLIST_FILE = YES;
				INFOPLIST_KEY_UIApplicationSupportsIndirectInputEvents = YES;
				INFOPLIST_KEY_UILaunchScreen_Generation = YES;
				INFOPLIST_KEY_UISupportedInterfaceOrientations_iPad = "UIInterfaceOrientationPortrait UIInterfaceOrientationPortraitUpsideDown UIInterfaceOrientationLandscapeLeft UIInterfaceOrientationLandscapeRight";
				INFOPLIST_KEY_UISupportedInterfaceOrientations_iPhone = "UIInterfaceOrientationPortrait UIInterfaceOrientationLandscapeLeft UIInterfaceOrientationLandscapeRight";
				IPHONEOS_DEPLOYMENT_TARGET = 14.0;
				LD_RUNPATH_SEARCH_PATHS = (
					"$(inherited)",
					"@executable_path/Frameworks",
				);
				MARKETING_VERSION = 1.0;
				PRODUCT_BUNDLE_IDENTIFIER = org.maplibre.example;
				PRODUCT_NAME = "maplibre-rs-example";
				PROVISIONING_PROFILE_SPECIFIER = "";
				SDKROOT = iphoneos;
				SWIFT_EMIT_LOC_STRINGS = YES;
				SWIFT_VERSION = 5.0;
				TARGETED_DEVICE_FAMILY = "1,2";
				VALIDATE_PRODUCT = YES;
			};
			name = Release;
		};
		0BC888592770FD64004AAD56 /* Debug */ = {
			isa = XCBuildConfiguration;
			buildSettings = {
				ASSETCATALOG_COMPILER_APPICON_NAME = AppIcon;
				ASSETCATALOG_COMPILER_GLOBAL_ACCENT_COLOR_NAME = AccentColor;
				CODE_SIGN_ENTITLEMENTS = macOS/macOS.entitlements;
				CODE_SIGN_IDENTITY = "-";
				CODE_SIGN_STYLE = Automatic;
				COMBINE_HIDPI_IMAGES = YES;
				CURRENT_PROJECT_VERSION = 1;
				DEVELOPMENT_TEAM = "";
				ENABLE_HARDENED_RUNTIME = YES;
				ENABLE_PREVIEWS = YES;
				GENERATE_INFOPLIST_FILE = YES;
				INFOPLIST_KEY_NSHumanReadableCopyright = "";
				LD_RUNPATH_SEARCH_PATHS = (
					"$(inherited)",
					"@executable_path/../Frameworks",
				);
				MACOSX_DEPLOYMENT_TARGET = 11.0;
				MARKETING_VERSION = 1.0;
				PRODUCT_BUNDLE_IDENTIFIER = org.maplibre.example;
				PRODUCT_NAME = "maplibre-rs-example";
				SDKROOT = macosx;
				SWIFT_EMIT_LOC_STRINGS = YES;
				SWIFT_VERSION = 5.0;
			};
			name = Debug;
		};
		0BC8885A2770FD64004AAD56 /* Release */ = {
			isa = XCBuildConfiguration;
			buildSettings = {
				ASSETCATALOG_COMPILER_APPICON_NAME = AppIcon;
				ASSETCATALOG_COMPILER_GLOBAL_ACCENT_COLOR_NAME = AccentColor;
				CODE_SIGN_ENTITLEMENTS = macOS/macOS.entitlements;
				CODE_SIGN_IDENTITY = "-";
				CODE_SIGN_STYLE = Automatic;
				COMBINE_HIDPI_IMAGES = YES;
				CURRENT_PROJECT_VERSION = 1;
				DEVELOPMENT_TEAM = "";
				ENABLE_HARDENED_RUNTIME = YES;
				ENABLE_PREVIEWS = YES;
				GENERATE_INFOPLIST_FILE = YES;
				INFOPLIST_KEY_NSHumanReadableCopyright = "";
				LD_RUNPATH_SEARCH_PATHS = (
					"$(inherited)",
					"@executable_path/../Frameworks",
				);
				MACOSX_DEPLOYMENT_TARGET = 11.0;
				MARKETING_VERSION = 1.0;
				PRODUCT_BUNDLE_IDENTIFIER = org.maplibre.example;
				PRODUCT_NAME = "maplibre-rs-example";
				SDKROOT = macosx;
				SWIFT_EMIT_LOC_STRINGS = YES;
				SWIFT_VERSION = 5.0;
			};
			name = Release;
		};
/* End XCBuildConfiguration section */

/* Begin XCConfigurationList section */
		0B571AA1281170B100874B51 /* Build configuration list for PBXNativeTarget "maplibre-rs-framework" */ = {
			isa = XCConfigurationList;
			buildConfigurations = (
				0B571AA2281170B100874B51 /* Debug */,
				0B571AA3281170B100874B51 /* Release */,
			);
			defaultConfigurationIsVisible = 0;
			defaultConfigurationName = Release;
		};
		0B571AFA281191E600874B51 /* Build configuration list for PBXNativeTarget "framework2" */ = {
			isa = XCConfigurationList;
			buildConfigurations = (
				0B571AFB281191E600874B51 /* Debug */,
				0B571AFC281191E600874B51 /* Release */,
			);
			defaultConfigurationIsVisible = 0;
			defaultConfigurationName = Release;
		};
		0BC888232770FD63004AAD56 /* Build configuration list for PBXProject "maplibre-rs-example" */ = {
			isa = XCConfigurationList;
			buildConfigurations = (
				0BC888532770FD64004AAD56 /* Debug */,
				0BC888542770FD64004AAD56 /* Release */,
			);
			defaultConfigurationIsVisible = 0;
			defaultConfigurationName = Release;
		};
		0BC888552770FD64004AAD56 /* Build configuration list for PBXNativeTarget "maplibre-rs-example (iOS)" */ = {
			isa = XCConfigurationList;
			buildConfigurations = (
				0BC888562770FD64004AAD56 /* Debug */,
				0BC888572770FD64004AAD56 /* Release */,
			);
			defaultConfigurationIsVisible = 0;
			defaultConfigurationName = Release;
		};
		0BC888582770FD64004AAD56 /* Build configuration list for PBXNativeTarget "maplibre-rs-example (macOS)" */ = {
			isa = XCConfigurationList;
			buildConfigurations = (
				0BC888592770FD64004AAD56 /* Debug */,
				0BC8885A2770FD64004AAD56 /* Release */,
			);
			defaultConfigurationIsVisible = 0;
			defaultConfigurationName = Release;
		};
/* End XCConfigurationList section */
	};
	rootObject = 0BC888202770FD63004AAD56 /* Project object */;
}
