// !$*UTF8*$!
{
	archiveVersion = 1;
	classes = {
	};
	objectVersion = 55;
	objects = {

/* Begin PBXBuildFile section */
		0BC88881277102F9004AAD56 /* Tests_iOS.swift in Sources */ = {isa = PBXBuildFile; fileRef = 0BC88880277102F9004AAD56 /* Tests_iOS.swift */; };
		0BC88883277102F9004AAD56 /* Tests_iOSLaunchTests.swift in Sources */ = {isa = PBXBuildFile; fileRef = 0BC88882277102F9004AAD56 /* Tests_iOSLaunchTests.swift */; };
		0BC8888D277102F9004AAD56 /* Tests_macOS.swift in Sources */ = {isa = PBXBuildFile; fileRef = 0BC8888C277102F9004AAD56 /* Tests_macOS.swift */; };
		0BC8888F277102F9004AAD56 /* Tests_macOSLaunchTests.swift in Sources */ = {isa = PBXBuildFile; fileRef = 0BC8888E277102F9004AAD56 /* Tests_macOSLaunchTests.swift */; };
		0BC88890277102F9004AAD56 /* maprApp.swift in Sources */ = {isa = PBXBuildFile; fileRef = 0BC88868277102F8004AAD56 /* maprApp.swift */; };
		0BC88891277102F9004AAD56 /* maprApp.swift in Sources */ = {isa = PBXBuildFile; fileRef = 0BC88868277102F8004AAD56 /* maprApp.swift */; };
		0BC88892277102F9004AAD56 /* ContentView.swift in Sources */ = {isa = PBXBuildFile; fileRef = 0BC88869277102F8004AAD56 /* ContentView.swift */; };
		0BC88893277102F9004AAD56 /* ContentView.swift in Sources */ = {isa = PBXBuildFile; fileRef = 0BC88869277102F8004AAD56 /* ContentView.swift */; };
		0BC88894277102F9004AAD56 /* Assets.xcassets in Resources */ = {isa = PBXBuildFile; fileRef = 0BC8886A277102F9004AAD56 /* Assets.xcassets */; };
		0BC88895277102F9004AAD56 /* Assets.xcassets in Resources */ = {isa = PBXBuildFile; fileRef = 0BC8886A277102F9004AAD56 /* Assets.xcassets */; };
/* End PBXBuildFile section */

/* Begin PBXContainerItemProxy section */
		0BC8887D277102F9004AAD56 /* PBXContainerItemProxy */ = {
			isa = PBXContainerItemProxy;
			containerPortal = 0BC88863277102F8004AAD56 /* Project object */;
			proxyType = 1;
			remoteGlobalIDString = 0BC8886E277102F9004AAD56;
			remoteInfo = "mapr (iOS)";
		};
		0BC88889277102F9004AAD56 /* PBXContainerItemProxy */ = {
			isa = PBXContainerItemProxy;
			containerPortal = 0BC88863277102F8004AAD56 /* Project object */;
			proxyType = 1;
			remoteGlobalIDString = 0BC88874277102F9004AAD56;
			remoteInfo = "mapr (macOS)";
		};
/* End PBXContainerItemProxy section */

/* Begin PBXFileReference section */
		0BC88868277102F8004AAD56 /* maprApp.swift */ = {isa = PBXFileReference; lastKnownFileType = sourcecode.swift; path = maprApp.swift; sourceTree = "<group>"; };
		0BC88869277102F8004AAD56 /* ContentView.swift */ = {isa = PBXFileReference; lastKnownFileType = sourcecode.swift; path = ContentView.swift; sourceTree = "<group>"; };
		0BC8886A277102F9004AAD56 /* Assets.xcassets */ = {isa = PBXFileReference; lastKnownFileType = folder.assetcatalog; path = Assets.xcassets; sourceTree = "<group>"; };
		0BC8886F277102F9004AAD56 /* mapr.app */ = {isa = PBXFileReference; explicitFileType = wrapper.application; includeInIndex = 0; path = mapr.app; sourceTree = BUILT_PRODUCTS_DIR; };
		0BC88875277102F9004AAD56 /* mapr.app */ = {isa = PBXFileReference; explicitFileType = wrapper.application; includeInIndex = 0; path = mapr.app; sourceTree = BUILT_PRODUCTS_DIR; };
		0BC88877277102F9004AAD56 /* macOS.entitlements */ = {isa = PBXFileReference; lastKnownFileType = text.plist.entitlements; path = macOS.entitlements; sourceTree = "<group>"; };
		0BC8887C277102F9004AAD56 /* Tests iOS.xctest */ = {isa = PBXFileReference; explicitFileType = wrapper.cfbundle; includeInIndex = 0; path = "Tests iOS.xctest"; sourceTree = BUILT_PRODUCTS_DIR; };
		0BC88880277102F9004AAD56 /* Tests_iOS.swift */ = {isa = PBXFileReference; lastKnownFileType = sourcecode.swift; path = Tests_iOS.swift; sourceTree = "<group>"; };
		0BC88882277102F9004AAD56 /* Tests_iOSLaunchTests.swift */ = {isa = PBXFileReference; lastKnownFileType = sourcecode.swift; path = Tests_iOSLaunchTests.swift; sourceTree = "<group>"; };
		0BC88888277102F9004AAD56 /* Tests macOS.xctest */ = {isa = PBXFileReference; explicitFileType = wrapper.cfbundle; includeInIndex = 0; path = "Tests macOS.xctest"; sourceTree = BUILT_PRODUCTS_DIR; };
		0BC8888C277102F9004AAD56 /* Tests_macOS.swift */ = {isa = PBXFileReference; lastKnownFileType = sourcecode.swift; path = Tests_macOS.swift; sourceTree = "<group>"; };
		0BC8888E277102F9004AAD56 /* Tests_macOSLaunchTests.swift */ = {isa = PBXFileReference; lastKnownFileType = sourcecode.swift; path = Tests_macOSLaunchTests.swift; sourceTree = "<group>"; };
/* End PBXFileReference section */

/* Begin PBXFrameworksBuildPhase section */
		0BC8886C277102F9004AAD56 /* Frameworks */ = {
			isa = PBXFrameworksBuildPhase;
			buildActionMask = 2147483647;
			files = (
			);
			runOnlyForDeploymentPostprocessing = 0;
		};
		0BC88872277102F9004AAD56 /* Frameworks */ = {
			isa = PBXFrameworksBuildPhase;
			buildActionMask = 2147483647;
			files = (
			);
			runOnlyForDeploymentPostprocessing = 0;
		};
		0BC88879277102F9004AAD56 /* Frameworks */ = {
			isa = PBXFrameworksBuildPhase;
			buildActionMask = 2147483647;
			files = (
			);
			runOnlyForDeploymentPostprocessing = 0;
		};
		0BC88885277102F9004AAD56 /* Frameworks */ = {
			isa = PBXFrameworksBuildPhase;
			buildActionMask = 2147483647;
			files = (
			);
			runOnlyForDeploymentPostprocessing = 0;
		};
/* End PBXFrameworksBuildPhase section */

/* Begin PBXGroup section */
		0BC88862277102F8004AAD56 = {
			isa = PBXGroup;
			children = (
				0BC88867277102F8004AAD56 /* Shared */,
				0BC88876277102F9004AAD56 /* macOS */,
				0BC8887F277102F9004AAD56 /* Tests iOS */,
				0BC8888B277102F9004AAD56 /* Tests macOS */,
				0BC88870277102F9004AAD56 /* Products */,
			);
			sourceTree = "<group>";
		};
		0BC88867277102F8004AAD56 /* Shared */ = {
			isa = PBXGroup;
			children = (
				0BC88868277102F8004AAD56 /* maprApp.swift */,
				0BC88869277102F8004AAD56 /* ContentView.swift */,
				0BC8886A277102F9004AAD56 /* Assets.xcassets */,
			);
			path = Shared;
			sourceTree = "<group>";
		};
		0BC88870277102F9004AAD56 /* Products */ = {
			isa = PBXGroup;
			children = (
				0BC8886F277102F9004AAD56 /* mapr.app */,
				0BC88875277102F9004AAD56 /* mapr.app */,
				0BC8887C277102F9004AAD56 /* Tests iOS.xctest */,
				0BC88888277102F9004AAD56 /* Tests macOS.xctest */,
			);
			name = Products;
			sourceTree = "<group>";
		};
		0BC88876277102F9004AAD56 /* macOS */ = {
			isa = PBXGroup;
			children = (
				0BC88877277102F9004AAD56 /* macOS.entitlements */,
			);
			path = macOS;
			sourceTree = "<group>";
		};
		0BC8887F277102F9004AAD56 /* Tests iOS */ = {
			isa = PBXGroup;
			children = (
				0BC88880277102F9004AAD56 /* Tests_iOS.swift */,
				0BC88882277102F9004AAD56 /* Tests_iOSLaunchTests.swift */,
			);
			path = "Tests iOS";
			sourceTree = "<group>";
		};
		0BC8888B277102F9004AAD56 /* Tests macOS */ = {
			isa = PBXGroup;
			children = (
				0BC8888C277102F9004AAD56 /* Tests_macOS.swift */,
				0BC8888E277102F9004AAD56 /* Tests_macOSLaunchTests.swift */,
			);
			path = "Tests macOS";
			sourceTree = "<group>";
		};
/* End PBXGroup section */

/* Begin PBXNativeTarget section */
		0BC8886E277102F9004AAD56 /* mapr (iOS) */ = {
			isa = PBXNativeTarget;
			buildConfigurationList = 0BC88898277102F9004AAD56 /* Build configuration list for PBXNativeTarget "mapr (iOS)" */;
			buildPhases = (
				0BC8886B277102F9004AAD56 /* Sources */,
				0BC8886C277102F9004AAD56 /* Frameworks */,
				0BC8886D277102F9004AAD56 /* Resources */,
			);
			buildRules = (
			);
			dependencies = (
			);
			name = "mapr (iOS)";
			productName = "mapr (iOS)";
			productReference = 0BC8886F277102F9004AAD56 /* mapr.app */;
			productType = "com.apple.product-type.application";
		};
		0BC88874277102F9004AAD56 /* mapr (macOS) */ = {
			isa = PBXNativeTarget;
			buildConfigurationList = 0BC8889B277102F9004AAD56 /* Build configuration list for PBXNativeTarget "mapr (macOS)" */;
			buildPhases = (
				0BC88871277102F9004AAD56 /* Sources */,
				0BC88872277102F9004AAD56 /* Frameworks */,
				0BC88873277102F9004AAD56 /* Resources */,
			);
			buildRules = (
			);
			dependencies = (
			);
			name = "mapr (macOS)";
			productName = "mapr (macOS)";
			productReference = 0BC88875277102F9004AAD56 /* mapr.app */;
			productType = "com.apple.product-type.application";
		};
		0BC8887B277102F9004AAD56 /* Tests iOS */ = {
			isa = PBXNativeTarget;
			buildConfigurationList = 0BC8889E277102F9004AAD56 /* Build configuration list for PBXNativeTarget "Tests iOS" */;
			buildPhases = (
				0BC88878277102F9004AAD56 /* Sources */,
				0BC88879277102F9004AAD56 /* Frameworks */,
				0BC8887A277102F9004AAD56 /* Resources */,
			);
			buildRules = (
			);
			dependencies = (
				0BC8887E277102F9004AAD56 /* PBXTargetDependency */,
			);
			name = "Tests iOS";
			productName = "Tests iOS";
			productReference = 0BC8887C277102F9004AAD56 /* Tests iOS.xctest */;
			productType = "com.apple.product-type.bundle.ui-testing";
		};
		0BC88887277102F9004AAD56 /* Tests macOS */ = {
			isa = PBXNativeTarget;
			buildConfigurationList = 0BC888A1277102F9004AAD56 /* Build configuration list for PBXNativeTarget "Tests macOS" */;
			buildPhases = (
				0BC88884277102F9004AAD56 /* Sources */,
				0BC88885277102F9004AAD56 /* Frameworks */,
				0BC88886277102F9004AAD56 /* Resources */,
			);
			buildRules = (
			);
			dependencies = (
				0BC8888A277102F9004AAD56 /* PBXTargetDependency */,
			);
			name = "Tests macOS";
			productName = "Tests macOS";
			productReference = 0BC88888277102F9004AAD56 /* Tests macOS.xctest */;
			productType = "com.apple.product-type.bundle.ui-testing";
		};
/* End PBXNativeTarget section */

/* Begin PBXProject section */
		0BC88863277102F8004AAD56 /* Project object */ = {
			isa = PBXProject;
			attributes = {
				BuildIndependentTargetsInParallel = 1;
				LastSwiftUpdateCheck = 1300;
				LastUpgradeCheck = 1300;
				TargetAttributes = {
					0BC8886E277102F9004AAD56 = {
						CreatedOnToolsVersion = 13.0;
					};
					0BC88874277102F9004AAD56 = {
						CreatedOnToolsVersion = 13.0;
					};
					0BC8887B277102F9004AAD56 = {
						CreatedOnToolsVersion = 13.0;
						TestTargetID = 0BC8886E277102F9004AAD56;
					};
					0BC88887277102F9004AAD56 = {
						CreatedOnToolsVersion = 13.0;
						TestTargetID = 0BC88874277102F9004AAD56;
					};
				};
			};
			buildConfigurationList = 0BC88866277102F8004AAD56 /* Build configuration list for PBXProject "mapr" */;
			compatibilityVersion = "Xcode 13.0";
			developmentRegion = en;
			hasScannedForEncodings = 0;
			knownRegions = (
				en,
				Base,
			);
			mainGroup = 0BC88862277102F8004AAD56;
			productRefGroup = 0BC88870277102F9004AAD56 /* Products */;
			projectDirPath = "";
			projectRoot = "";
			targets = (
				0BC8886E277102F9004AAD56 /* mapr (iOS) */,
				0BC88874277102F9004AAD56 /* mapr (macOS) */,
				0BC8887B277102F9004AAD56 /* Tests iOS */,
				0BC88887277102F9004AAD56 /* Tests macOS */,
			);
		};
/* End PBXProject section */

/* Begin PBXResourcesBuildPhase section */
		0BC8886D277102F9004AAD56 /* Resources */ = {
			isa = PBXResourcesBuildPhase;
			buildActionMask = 2147483647;
			files = (
				0BC88894277102F9004AAD56 /* Assets.xcassets in Resources */,
			);
			runOnlyForDeploymentPostprocessing = 0;
		};
		0BC88873277102F9004AAD56 /* Resources */ = {
			isa = PBXResourcesBuildPhase;
			buildActionMask = 2147483647;
			files = (
				0BC88895277102F9004AAD56 /* Assets.xcassets in Resources */,
			);
			runOnlyForDeploymentPostprocessing = 0;
		};
		0BC8887A277102F9004AAD56 /* Resources */ = {
			isa = PBXResourcesBuildPhase;
			buildActionMask = 2147483647;
			files = (
			);
			runOnlyForDeploymentPostprocessing = 0;
		};
		0BC88886277102F9004AAD56 /* Resources */ = {
			isa = PBXResourcesBuildPhase;
			buildActionMask = 2147483647;
			files = (
			);
			runOnlyForDeploymentPostprocessing = 0;
		};
/* End PBXResourcesBuildPhase section */

/* Begin PBXSourcesBuildPhase section */
		0BC8886B277102F9004AAD56 /* Sources */ = {
			isa = PBXSourcesBuildPhase;
			buildActionMask = 2147483647;
			files = (
				0BC88892277102F9004AAD56 /* ContentView.swift in Sources */,
				0BC88890277102F9004AAD56 /* maprApp.swift in Sources */,
			);
			runOnlyForDeploymentPostprocessing = 0;
		};
		0BC88871277102F9004AAD56 /* Sources */ = {
			isa = PBXSourcesBuildPhase;
			buildActionMask = 2147483647;
			files = (
				0BC88893277102F9004AAD56 /* ContentView.swift in Sources */,
				0BC88891277102F9004AAD56 /* maprApp.swift in Sources */,
			);
			runOnlyForDeploymentPostprocessing = 0;
		};
		0BC88878277102F9004AAD56 /* Sources */ = {
			isa = PBXSourcesBuildPhase;
			buildActionMask = 2147483647;
			files = (
				0BC88883277102F9004AAD56 /* Tests_iOSLaunchTests.swift in Sources */,
				0BC88881277102F9004AAD56 /* Tests_iOS.swift in Sources */,
			);
			runOnlyForDeploymentPostprocessing = 0;
		};
		0BC88884277102F9004AAD56 /* Sources */ = {
			isa = PBXSourcesBuildPhase;
			buildActionMask = 2147483647;
			files = (
				0BC8888F277102F9004AAD56 /* Tests_macOSLaunchTests.swift in Sources */,
				0BC8888D277102F9004AAD56 /* Tests_macOS.swift in Sources */,
			);
			runOnlyForDeploymentPostprocessing = 0;
		};
/* End PBXSourcesBuildPhase section */

/* Begin PBXTargetDependency section */
		0BC8887E277102F9004AAD56 /* PBXTargetDependency */ = {
			isa = PBXTargetDependency;
			target = 0BC8886E277102F9004AAD56 /* mapr (iOS) */;
			targetProxy = 0BC8887D277102F9004AAD56 /* PBXContainerItemProxy */;
		};
		0BC8888A277102F9004AAD56 /* PBXTargetDependency */ = {
			isa = PBXTargetDependency;
			target = 0BC88874277102F9004AAD56 /* mapr (macOS) */;
			targetProxy = 0BC88889277102F9004AAD56 /* PBXContainerItemProxy */;
		};
/* End PBXTargetDependency section */

/* Begin XCBuildConfiguration section */
		0BC88896277102F9004AAD56 /* Debug */ = {
			isa = XCBuildConfiguration;
			buildSettings = {
				ALWAYS_SEARCH_USER_PATHS = NO;
				CLANG_ANALYZER_NONNULL = YES;
				CLANG_ANALYZER_NUMBER_OBJECT_CONVERSION = YES_AGGRESSIVE;
				CLANG_CXX_LANGUAGE_STANDARD = "gnu++17";
				CLANG_CXX_LIBRARY = "libc++";
				CLANG_ENABLE_MODULES = YES;
				CLANG_ENABLE_OBJC_ARC = YES;
				CLANG_ENABLE_OBJC_WEAK = YES;
				CLANG_WARN_BLOCK_CAPTURE_AUTORELEASING = YES;
				CLANG_WARN_BOOL_CONVERSION = YES;
				CLANG_WARN_COMMA = YES;
				CLANG_WARN_CONSTANT_CONVERSION = YES;
				CLANG_WARN_DEPRECATED_OBJC_IMPLEMENTATIONS = YES;
				CLANG_WARN_DIRECT_OBJC_ISA_USAGE = YES_ERROR;
				CLANG_WARN_DOCUMENTATION_COMMENTS = YES;
				CLANG_WARN_EMPTY_BODY = YES;
				CLANG_WARN_ENUM_CONVERSION = YES;
				CLANG_WARN_INFINITE_RECURSION = YES;
				CLANG_WARN_INT_CONVERSION = YES;
				CLANG_WARN_NON_LITERAL_NULL_CONVERSION = YES;
				CLANG_WARN_OBJC_IMPLICIT_RETAIN_SELF = YES;
				CLANG_WARN_OBJC_LITERAL_CONVERSION = YES;
				CLANG_WARN_OBJC_ROOT_CLASS = YES_ERROR;
				CLANG_WARN_QUOTED_INCLUDE_IN_FRAMEWORK_HEADER = YES;
				CLANG_WARN_RANGE_LOOP_ANALYSIS = YES;
				CLANG_WARN_STRICT_PROTOTYPES = YES;
				CLANG_WARN_SUSPICIOUS_MOVE = YES;
				CLANG_WARN_UNGUARDED_AVAILABILITY = YES_AGGRESSIVE;
				CLANG_WARN_UNREACHABLE_CODE = YES;
				CLANG_WARN__DUPLICATE_METHOD_MATCH = YES;
				COPY_PHASE_STRIP = NO;
				DEBUG_INFORMATION_FORMAT = dwarf;
				ENABLE_STRICT_OBJC_MSGSEND = YES;
				ENABLE_TESTABILITY = YES;
				GCC_C_LANGUAGE_STANDARD = gnu11;
				GCC_DYNAMIC_NO_PIC = NO;
				GCC_NO_COMMON_BLOCKS = YES;
				GCC_OPTIMIZATION_LEVEL = 0;
				GCC_PREPROCESSOR_DEFINITIONS = (
					"DEBUG=1",
					"$(inherited)",
				);
				GCC_WARN_64_TO_32_BIT_CONVERSION = YES;
				GCC_WARN_ABOUT_RETURN_TYPE = YES_ERROR;
				GCC_WARN_UNDECLARED_SELECTOR = YES;
				GCC_WARN_UNINITIALIZED_AUTOS = YES_AGGRESSIVE;
				GCC_WARN_UNUSED_FUNCTION = YES;
				GCC_WARN_UNUSED_VARIABLE = YES;
				MTL_ENABLE_DEBUG_INFO = INCLUDE_SOURCE;
				MTL_FAST_MATH = YES;
				ONLY_ACTIVE_ARCH = YES;
				SWIFT_ACTIVE_COMPILATION_CONDITIONS = DEBUG;
				SWIFT_OPTIMIZATION_LEVEL = "-Onone";
			};
			name = Debug;
		};
		0BC88897277102F9004AAD56 /* Release */ = {
			isa = XCBuildConfiguration;
			buildSettings = {
				ALWAYS_SEARCH_USER_PATHS = NO;
				CLANG_ANALYZER_NONNULL = YES;
				CLANG_ANALYZER_NUMBER_OBJECT_CONVERSION = YES_AGGRESSIVE;
				CLANG_CXX_LANGUAGE_STANDARD = "gnu++17";
				CLANG_CXX_LIBRARY = "libc++";
				CLANG_ENABLE_MODULES = YES;
				CLANG_ENABLE_OBJC_ARC = YES;
				CLANG_ENABLE_OBJC_WEAK = YES;
				CLANG_WARN_BLOCK_CAPTURE_AUTORELEASING = YES;
				CLANG_WARN_BOOL_CONVERSION = YES;
				CLANG_WARN_COMMA = YES;
				CLANG_WARN_CONSTANT_CONVERSION = YES;
				CLANG_WARN_DEPRECATED_OBJC_IMPLEMENTATIONS = YES;
				CLANG_WARN_DIRECT_OBJC_ISA_USAGE = YES_ERROR;
				CLANG_WARN_DOCUMENTATION_COMMENTS = YES;
				CLANG_WARN_EMPTY_BODY = YES;
				CLANG_WARN_ENUM_CONVERSION = YES;
				CLANG_WARN_INFINITE_RECURSION = YES;
				CLANG_WARN_INT_CONVERSION = YES;
				CLANG_WARN_NON_LITERAL_NULL_CONVERSION = YES;
				CLANG_WARN_OBJC_IMPLICIT_RETAIN_SELF = YES;
				CLANG_WARN_OBJC_LITERAL_CONVERSION = YES;
				CLANG_WARN_OBJC_ROOT_CLASS = YES_ERROR;
				CLANG_WARN_QUOTED_INCLUDE_IN_FRAMEWORK_HEADER = YES;
				CLANG_WARN_RANGE_LOOP_ANALYSIS = YES;
				CLANG_WARN_STRICT_PROTOTYPES = YES;
				CLANG_WARN_SUSPICIOUS_MOVE = YES;
				CLANG_WARN_UNGUARDED_AVAILABILITY = YES_AGGRESSIVE;
				CLANG_WARN_UNREACHABLE_CODE = YES;
				CLANG_WARN__DUPLICATE_METHOD_MATCH = YES;
				COPY_PHASE_STRIP = NO;
				DEBUG_INFORMATION_FORMAT = "dwarf-with-dsym";
				ENABLE_NS_ASSERTIONS = NO;
				ENABLE_STRICT_OBJC_MSGSEND = YES;
				GCC_C_LANGUAGE_STANDARD = gnu11;
				GCC_NO_COMMON_BLOCKS = YES;
				GCC_WARN_64_TO_32_BIT_CONVERSION = YES;
				GCC_WARN_ABOUT_RETURN_TYPE = YES_ERROR;
				GCC_WARN_UNDECLARED_SELECTOR = YES;
				GCC_WARN_UNINITIALIZED_AUTOS = YES_AGGRESSIVE;
				GCC_WARN_UNUSED_FUNCTION = YES;
				GCC_WARN_UNUSED_VARIABLE = YES;
				MTL_ENABLE_DEBUG_INFO = NO;
				MTL_FAST_MATH = YES;
				SWIFT_COMPILATION_MODE = wholemodule;
				SWIFT_OPTIMIZATION_LEVEL = "-O";
			};
			name = Release;
		};
		0BC88899277102F9004AAD56 /* Debug */ = {
			isa = XCBuildConfiguration;
			buildSettings = {
				ASSETCATALOG_COMPILER_APPICON_NAME = AppIcon;
				ASSETCATALOG_COMPILER_GLOBAL_ACCENT_COLOR_NAME = AccentColor;
				CODE_SIGN_STYLE = Automatic;
				CURRENT_PROJECT_VERSION = 1;
				DEVELOPMENT_TEAM = KM8X78T35K;
				ENABLE_PREVIEWS = YES;
				GENERATE_INFOPLIST_FILE = YES;
				INFOPLIST_KEY_UIApplicationSceneManifest_Generation = YES;
				INFOPLIST_KEY_UIApplicationSupportsIndirectInputEvents = YES;
				INFOPLIST_KEY_UILaunchScreen_Generation = YES;
				INFOPLIST_KEY_UISupportedInterfaceOrientations_iPad = "UIInterfaceOrientationPortrait UIInterfaceOrientationPortraitUpsideDown UIInterfaceOrientationLandscapeLeft UIInterfaceOrientationLandscapeRight";
				INFOPLIST_KEY_UISupportedInterfaceOrientations_iPhone = "UIInterfaceOrientationPortrait UIInterfaceOrientationLandscapeLeft UIInterfaceOrientationLandscapeRight";
				IPHONEOS_DEPLOYMENT_TARGET = 14.0;
				LD_RUNPATH_SEARCH_PATHS = (
					"$(inherited)",
					"@executable_path/Frameworks",
				);
				MARKETING_VERSION = 1.0;
				PRODUCT_BUNDLE_IDENTIFIER = mapr.mapr;
				PRODUCT_NAME = mapr;
				SDKROOT = iphoneos;
				SWIFT_EMIT_LOC_STRINGS = YES;
				SWIFT_VERSION = 5.0;
				TARGETED_DEVICE_FAMILY = "1,2";
			};
			name = Debug;
		};
		0BC8889A277102F9004AAD56 /* Release */ = {
			isa = XCBuildConfiguration;
			buildSettings = {
				ASSETCATALOG_COMPILER_APPICON_NAME = AppIcon;
				ASSETCATALOG_COMPILER_GLOBAL_ACCENT_COLOR_NAME = AccentColor;
				CODE_SIGN_STYLE = Automatic;
				CURRENT_PROJECT_VERSION = 1;
				DEVELOPMENT_TEAM = KM8X78T35K;
				ENABLE_PREVIEWS = YES;
				GENERATE_INFOPLIST_FILE = YES;
				INFOPLIST_KEY_UIApplicationSceneManifest_Generation = YES;
				INFOPLIST_KEY_UIApplicationSupportsIndirectInputEvents = YES;
				INFOPLIST_KEY_UILaunchScreen_Generation = YES;
				INFOPLIST_KEY_UISupportedInterfaceOrientations_iPad = "UIInterfaceOrientationPortrait UIInterfaceOrientationPortraitUpsideDown UIInterfaceOrientationLandscapeLeft UIInterfaceOrientationLandscapeRight";
				INFOPLIST_KEY_UISupportedInterfaceOrientations_iPhone = "UIInterfaceOrientationPortrait UIInterfaceOrientationLandscapeLeft UIInterfaceOrientationLandscapeRight";
				IPHONEOS_DEPLOYMENT_TARGET = 14.0;
				LD_RUNPATH_SEARCH_PATHS = (
					"$(inherited)",
					"@executable_path/Frameworks",
				);
				MARKETING_VERSION = 1.0;
				PRODUCT_BUNDLE_IDENTIFIER = mapr.mapr;
				PRODUCT_NAME = mapr;
				SDKROOT = iphoneos;
				SWIFT_EMIT_LOC_STRINGS = YES;
				SWIFT_VERSION = 5.0;
				TARGETED_DEVICE_FAMILY = "1,2";
				VALIDATE_PRODUCT = YES;
			};
			name = Release;
		};
		0BC8889C277102F9004AAD56 /* Debug */ = {
			isa = XCBuildConfiguration;
			buildSettings = {
				ASSETCATALOG_COMPILER_APPICON_NAME = AppIcon;
				ASSETCATALOG_COMPILER_GLOBAL_ACCENT_COLOR_NAME = AccentColor;
				CODE_SIGN_ENTITLEMENTS = macOS/macOS.entitlements;
				CODE_SIGN_STYLE = Automatic;
				COMBINE_HIDPI_IMAGES = YES;
				CURRENT_PROJECT_VERSION = 1;
				DEVELOPMENT_TEAM = KM8X78T35K;
				ENABLE_HARDENED_RUNTIME = YES;
				ENABLE_PREVIEWS = YES;
				GENERATE_INFOPLIST_FILE = YES;
				INFOPLIST_KEY_NSHumanReadableCopyright = "";
				LD_RUNPATH_SEARCH_PATHS = (
					"$(inherited)",
					"@executable_path/../Frameworks",
				);
				MACOSX_DEPLOYMENT_TARGET = 11.0;
				MARKETING_VERSION = 1.0;
				PRODUCT_BUNDLE_IDENTIFIER = mapr.mapr;
				PRODUCT_NAME = mapr;
				SDKROOT = macosx;
				SWIFT_EMIT_LOC_STRINGS = YES;
				SWIFT_VERSION = 5.0;
			};
			name = Debug;
		};
		0BC8889D277102F9004AAD56 /* Release */ = {
			isa = XCBuildConfiguration;
			buildSettings = {
				ASSETCATALOG_COMPILER_APPICON_NAME = AppIcon;
				ASSETCATALOG_COMPILER_GLOBAL_ACCENT_COLOR_NAME = AccentColor;
				CODE_SIGN_ENTITLEMENTS = macOS/macOS.entitlements;
				CODE_SIGN_STYLE = Automatic;
				COMBINE_HIDPI_IMAGES = YES;
				CURRENT_PROJECT_VERSION = 1;
				DEVELOPMENT_TEAM = KM8X78T35K;
				ENABLE_HARDENED_RUNTIME = YES;
				ENABLE_PREVIEWS = YES;
				GENERATE_INFOPLIST_FILE = YES;
				INFOPLIST_KEY_NSHumanReadableCopyright = "";
				LD_RUNPATH_SEARCH_PATHS = (
					"$(inherited)",
					"@executable_path/../Frameworks",
				);
				MACOSX_DEPLOYMENT_TARGET = 11.0;
				MARKETING_VERSION = 1.0;
				PRODUCT_BUNDLE_IDENTIFIER = mapr.mapr;
				PRODUCT_NAME = mapr;
				SDKROOT = macosx;
				SWIFT_EMIT_LOC_STRINGS = YES;
				SWIFT_VERSION = 5.0;
			};
			name = Release;
		};
		0BC8889F277102F9004AAD56 /* Debug */ = {
			isa = XCBuildConfiguration;
			buildSettings = {
				ALWAYS_EMBED_SWIFT_STANDARD_LIBRARIES = YES;
				CODE_SIGN_STYLE = Automatic;
				CURRENT_PROJECT_VERSION = 1;
				DEVELOPMENT_TEAM = KM8X78T35K;
				GENERATE_INFOPLIST_FILE = YES;
				IPHONEOS_DEPLOYMENT_TARGET = 15.0;
				LD_RUNPATH_SEARCH_PATHS = (
					"$(inherited)",
					"@executable_path/Frameworks",
					"@loader_path/Frameworks",
				);
				MARKETING_VERSION = 1.0;
				PRODUCT_BUNDLE_IDENTIFIER = "mapr.Tests-iOS";
				PRODUCT_NAME = "$(TARGET_NAME)";
				SDKROOT = iphoneos;
				SWIFT_EMIT_LOC_STRINGS = NO;
				SWIFT_VERSION = 5.0;
				TARGETED_DEVICE_FAMILY = "1,2";
				TEST_TARGET_NAME = "mapr (iOS)";
			};
			name = Debug;
		};
		0BC888A0277102F9004AAD56 /* Release */ = {
			isa = XCBuildConfiguration;
			buildSettings = {
				ALWAYS_EMBED_SWIFT_STANDARD_LIBRARIES = YES;
				CODE_SIGN_STYLE = Automatic;
				CURRENT_PROJECT_VERSION = 1;
				DEVELOPMENT_TEAM = KM8X78T35K;
				GENERATE_INFOPLIST_FILE = YES;
				IPHONEOS_DEPLOYMENT_TARGET = 15.0;
				LD_RUNPATH_SEARCH_PATHS = (
					"$(inherited)",
					"@executable_path/Frameworks",
					"@loader_path/Frameworks",
				);
				MARKETING_VERSION = 1.0;
				PRODUCT_BUNDLE_IDENTIFIER = "mapr.Tests-iOS";
				PRODUCT_NAME = "$(TARGET_NAME)";
				SDKROOT = iphoneos;
				SWIFT_EMIT_LOC_STRINGS = NO;
				SWIFT_VERSION = 5.0;
				TARGETED_DEVICE_FAMILY = "1,2";
				TEST_TARGET_NAME = "mapr (iOS)";
				VALIDATE_PRODUCT = YES;
			};
			name = Release;
		};
		0BC888A2277102F9004AAD56 /* Debug */ = {
			isa = XCBuildConfiguration;
			buildSettings = {
				ALWAYS_EMBED_SWIFT_STANDARD_LIBRARIES = YES;
				CODE_SIGN_STYLE = Automatic;
				COMBINE_HIDPI_IMAGES = YES;
				CURRENT_PROJECT_VERSION = 1;
				DEVELOPMENT_TEAM = KM8X78T35K;
				GENERATE_INFOPLIST_FILE = YES;
				LD_RUNPATH_SEARCH_PATHS = (
					"$(inherited)",
					"@executable_path/../Frameworks",
					"@loader_path/../Frameworks",
				);
				MACOSX_DEPLOYMENT_TARGET = 11.3;
				MARKETING_VERSION = 1.0;
				PRODUCT_BUNDLE_IDENTIFIER = "mapr.Tests-macOS";
				PRODUCT_NAME = "$(TARGET_NAME)";
				SDKROOT = macosx;
				SWIFT_EMIT_LOC_STRINGS = NO;
				SWIFT_VERSION = 5.0;
				TEST_TARGET_NAME = "mapr (macOS)";
			};
			name = Debug;
		};
		0BC888A3277102F9004AAD56 /* Release */ = {
			isa = XCBuildConfiguration;
			buildSettings = {
				ALWAYS_EMBED_SWIFT_STANDARD_LIBRARIES = YES;
				CODE_SIGN_STYLE = Automatic;
				COMBINE_HIDPI_IMAGES = YES;
				CURRENT_PROJECT_VERSION = 1;
				DEVELOPMENT_TEAM = KM8X78T35K;
				GENERATE_INFOPLIST_FILE = YES;
				LD_RUNPATH_SEARCH_PATHS = (
					"$(inherited)",
					"@executable_path/../Frameworks",
					"@loader_path/../Frameworks",
				);
				MACOSX_DEPLOYMENT_TARGET = 11.3;
				MARKETING_VERSION = 1.0;
				PRODUCT_BUNDLE_IDENTIFIER = "mapr.Tests-macOS";
				PRODUCT_NAME = "$(TARGET_NAME)";
				SDKROOT = macosx;
				SWIFT_EMIT_LOC_STRINGS = NO;
				SWIFT_VERSION = 5.0;
				TEST_TARGET_NAME = "mapr (macOS)";
			};
			name = Release;
		};
/* End XCBuildConfiguration section */

/* Begin XCConfigurationList section */
		0BC88866277102F8004AAD56 /* Build configuration list for PBXProject "mapr" */ = {
			isa = XCConfigurationList;
			buildConfigurations = (
				0BC88896277102F9004AAD56 /* Debug */,
				0BC88897277102F9004AAD56 /* Release */,
			);
			defaultConfigurationIsVisible = 0;
			defaultConfigurationName = Release;
		};
		0BC88898277102F9004AAD56 /* Build configuration list for PBXNativeTarget "mapr (iOS)" */ = {
			isa = XCConfigurationList;
			buildConfigurations = (
				0BC88899277102F9004AAD56 /* Debug */,
				0BC8889A277102F9004AAD56 /* Release */,
			);
			defaultConfigurationIsVisible = 0;
			defaultConfigurationName = Release;
		};
		0BC8889B277102F9004AAD56 /* Build configuration list for PBXNativeTarget "mapr (macOS)" */ = {
			isa = XCConfigurationList;
			buildConfigurations = (
				0BC8889C277102F9004AAD56 /* Debug */,
				0BC8889D277102F9004AAD56 /* Release */,
			);
			defaultConfigurationIsVisible = 0;
			defaultConfigurationName = Release;
		};
		0BC8889E277102F9004AAD56 /* Build configuration list for PBXNativeTarget "Tests iOS" */ = {
			isa = XCConfigurationList;
			buildConfigurations = (
				0BC8889F277102F9004AAD56 /* Debug */,
				0BC888A0277102F9004AAD56 /* Release */,
			);
			defaultConfigurationIsVisible = 0;
			defaultConfigurationName = Release;
		};
		0BC888A1277102F9004AAD56 /* Build configuration list for PBXNativeTarget "Tests macOS" */ = {
			isa = XCConfigurationList;
			buildConfigurations = (
				0BC888A2277102F9004AAD56 /* Debug */,
				0BC888A3277102F9004AAD56 /* Release */,
			);
			defaultConfigurationIsVisible = 0;
			defaultConfigurationName = Release;
		};
/* End XCConfigurationList section */
	};
	rootObject = 0BC88863277102F8004AAD56 /* Project object */;
}
